// !$*UTF8*$!
{
	archiveVersion = 1;
	classes = {
	};
	objectVersion = 55;
	objects = {

/* Begin PBXBuildFile section */
		CDD7D29D2A20C3FD005D71C4 /* AppDelegate.swift in Sources */ = {isa = PBXBuildFile; fileRef = CDD7D29C2A20C3FD005D71C4 /* AppDelegate.swift */; };
		CDD7D29F2A20C3FD005D71C4 /* SceneDelegate.swift in Sources */ = {isa = PBXBuildFile; fileRef = CDD7D29E2A20C3FD005D71C4 /* SceneDelegate.swift */; };
		CDD7D2A12A20C3FD005D71C4 /* ViewController.swift in Sources */ = {isa = PBXBuildFile; fileRef = CDD7D2A02A20C3FD005D71C4 /* ViewController.swift */; };
		CDD7D2A42A20C3FD005D71C4 /* Main.storyboard in Resources */ = {isa = PBXBuildFile; fileRef = CDD7D2A22A20C3FD005D71C4 /* Main.storyboard */; };
		CDD7D2A62A20C3FF005D71C4 /* Assets.xcassets in Resources */ = {isa = PBXBuildFile; fileRef = CDD7D2A52A20C3FF005D71C4 /* Assets.xcassets */; };
		CDD7D2A92A20C3FF005D71C4 /* LaunchScreen.storyboard in Resources */ = {isa = PBXBuildFile; fileRef = CDD7D2A72A20C3FF005D71C4 /* LaunchScreen.storyboard */; };
		CDD7D2B52A20C8D9005D71C4 /* Check Internet Connectivity.swift in Sources */ = {isa = PBXBuildFile; fileRef = CDD7D2B42A20C8D9005D71C4 /* Check Internet Connectivity.swift */; };
/* End PBXBuildFile section */

/* Begin PBXFileReference section */
		CDD7D2992A20C3FD005D71C4 /* CheckInternetConnectivity.app */ = {isa = PBXFileReference; explicitFileType = wrapper.application; includeInIndex = 0; path = CheckInternetConnectivity.app; sourceTree = BUILT_PRODUCTS_DIR; };
		CDD7D29C2A20C3FD005D71C4 /* AppDelegate.swift */ = {isa = PBXFileReference; lastKnownFileType = sourcecode.swift; path = AppDelegate.swift; sourceTree = "<group>"; };
		CDD7D29E2A20C3FD005D71C4 /* SceneDelegate.swift */ = {isa = PBXFileReference; lastKnownFileType = sourcecode.swift; path = SceneDelegate.swift; sourceTree = "<group>"; };
		CDD7D2A02A20C3FD005D71C4 /* ViewController.swift */ = {isa = PBXFileReference; lastKnownFileType = sourcecode.swift; path = ViewController.swift; sourceTree = "<group>"; };
		CDD7D2A32A20C3FD005D71C4 /* Base */ = {isa = PBXFileReference; lastKnownFileType = file.storyboard; name = Base; path = Base.lproj/Main.storyboard; sourceTree = "<group>"; };
		CDD7D2A52A20C3FF005D71C4 /* Assets.xcassets */ = {isa = PBXFileReference; lastKnownFileType = folder.assetcatalog; path = Assets.xcassets; sourceTree = "<group>"; };
		CDD7D2A82A20C3FF005D71C4 /* Base */ = {isa = PBXFileReference; lastKnownFileType = file.storyboard; name = Base; path = Base.lproj/LaunchScreen.storyboard; sourceTree = "<group>"; };
		CDD7D2AA2A20C3FF005D71C4 /* Info.plist */ = {isa = PBXFileReference; lastKnownFileType = text.plist.xml; path = Info.plist; sourceTree = "<group>"; };
		CDD7D2B42A20C8D9005D71C4 /* Check Internet Connectivity.swift */ = {isa = PBXFileReference; lastKnownFileType = sourcecode.swift; path = "Check Internet Connectivity.swift"; sourceTree = "<group>"; };
/* End PBXFileReference section */

/* Begin PBXFrameworksBuildPhase section */
		CDD7D2962A20C3FD005D71C4 /* Frameworks */ = {
			isa = PBXFrameworksBuildPhase;
			buildActionMask = 2147483647;
			files = (
			);
			runOnlyForDeploymentPostprocessing = 0;
		};
/* End PBXFrameworksBuildPhase section */

/* Begin PBXGroup section */
		CDD7D2902A20C3FD005D71C4 = {
			isa = PBXGroup;
			children = (
				CDD7D29B2A20C3FD005D71C4 /* CheckInternetConnectivity */,
				CDD7D29A2A20C3FD005D71C4 /* Products */,
			);
			sourceTree = "<group>";
		};
		CDD7D29A2A20C3FD005D71C4 /* Products */ = {
			isa = PBXGroup;
			children = (
				CDD7D2992A20C3FD005D71C4 /* CheckInternetConnectivity.app */,
			);
			name = Products;
			sourceTree = "<group>";
		};
		CDD7D29B2A20C3FD005D71C4 /* CheckInternetConnectivity */ = {
			isa = PBXGroup;
			children = (
				CDD7D2B02A20C82B005D71C4 /* Application */,
				CDD7D2B62A20C914005D71C4 /* View Controllers */,
				CDD7D2B12A20C84C005D71C4 /* View */,
				CDD7D2B32A20C893005D71C4 /* Utilities */,
				CDD7D2B22A20C860005D71C4 /* Resources */,
				CDD7D2AA2A20C3FF005D71C4 /* Info.plist */,
			);
			path = CheckInternetConnectivity;
			sourceTree = "<group>";
		};
		CDD7D2B02A20C82B005D71C4 /* Application */ = {
			isa = PBXGroup;
			children = (
				CDD7D29C2A20C3FD005D71C4 /* AppDelegate.swift */,
				CDD7D29E2A20C3FD005D71C4 /* SceneDelegate.swift */,
			);
			path = Application;
			sourceTree = "<group>";
		};
		CDD7D2B12A20C84C005D71C4 /* View */ = {
			isa = PBXGroup;
			children = (
				CDD7D2A22A20C3FD005D71C4 /* Main.storyboard */,
				CDD7D2A72A20C3FF005D71C4 /* LaunchScreen.storyboard */,
			);
			path = View;
			sourceTree = "<group>";
		};
		CDD7D2B22A20C860005D71C4 /* Resources */ = {
			isa = PBXGroup;
			children = (
				CDD7D2A52A20C3FF005D71C4 /* Assets.xcassets */,
			);
			path = Resources;
			sourceTree = "<group>";
		};
		CDD7D2B32A20C893005D71C4 /* Utilities */ = {
			isa = PBXGroup;
			children = (
				CDD7D2B42A20C8D9005D71C4 /* Check Internet Connectivity.swift */,
			);
			path = Utilities;
			sourceTree = "<group>";
		};
		CDD7D2B62A20C914005D71C4 /* View Controllers */ = {
			isa = PBXGroup;
			children = (
				CDD7D2A02A20C3FD005D71C4 /* ViewController.swift */,
			);
			path = "View Controllers";
			sourceTree = "<group>";
		};
/* End PBXGroup section */

/* Begin PBXNativeTarget section */
		CDD7D2982A20C3FD005D71C4 /* CheckInternetConnectivity */ = {
			isa = PBXNativeTarget;
			buildConfigurationList = CDD7D2AD2A20C3FF005D71C4 /* Build configuration list for PBXNativeTarget "CheckInternetConnectivity" */;
			buildPhases = (
				CDD7D2952A20C3FD005D71C4 /* Sources */,
				CDD7D2962A20C3FD005D71C4 /* Frameworks */,
				CDD7D2972A20C3FD005D71C4 /* Resources */,
			);
			buildRules = (
			);
			dependencies = (
			);
			name = CheckInternetConnectivity;
			productName = CheckInternetConnectivity;
			productReference = CDD7D2992A20C3FD005D71C4 /* CheckInternetConnectivity.app */;
			productType = "com.apple.product-type.application";
		};
/* End PBXNativeTarget section */

/* Begin PBXProject section */
		CDD7D2912A20C3FD005D71C4 /* Project object */ = {
			isa = PBXProject;
			attributes = {
				BuildIndependentTargetsInParallel = 1;
				LastSwiftUpdateCheck = 1340;
				LastUpgradeCheck = 1340;
				TargetAttributes = {
					CDD7D2982A20C3FD005D71C4 = {
						CreatedOnToolsVersion = 13.4.1;
					};
				};
			};
			buildConfigurationList = CDD7D2942A20C3FD005D71C4 /* Build configuration list for PBXProject "CheckInternetConnectivity" */;
			compatibilityVersion = "Xcode 13.0";
			developmentRegion = en;
			hasScannedForEncodings = 0;
			knownRegions = (
				en,
				Base,
			);
			mainGroup = CDD7D2902A20C3FD005D71C4;
			productRefGroup = CDD7D29A2A20C3FD005D71C4 /* Products */;
			projectDirPath = "";
			projectRoot = "";
			targets = (
				CDD7D2982A20C3FD005D71C4 /* CheckInternetConnectivity */,
			);
		};
/* End PBXProject section */

/* Begin PBXResourcesBuildPhase section */
		CDD7D2972A20C3FD005D71C4 /* Resources */ = {
			isa = PBXResourcesBuildPhase;
			buildActionMask = 2147483647;
			files = (
				CDD7D2A92A20C3FF005D71C4 /* LaunchScreen.storyboard in Resources */,
				CDD7D2A62A20C3FF005D71C4 /* Assets.xcassets in Resources */,
				CDD7D2A42A20C3FD005D71C4 /* Main.storyboard in Resources */,
			);
			runOnlyForDeploymentPostprocessing = 0;
		};
/* End PBXResourcesBuildPhase section */

/* Begin PBXSourcesBuildPhase section */
		CDD7D2952A20C3FD005D71C4 /* Sources */ = {
			isa = PBXSourcesBuildPhase;
			buildActionMask = 2147483647;
			files = (
				CDD7D2A12A20C3FD005D71C4 /* ViewController.swift in Sources */,
				CDD7D29D2A20C3FD005D71C4 /* AppDelegate.swift in Sources */,
				CDD7D2B52A20C8D9005D71C4 /* Check Internet Connectivity.swift in Sources */,
				CDD7D29F2A20C3FD005D71C4 /* SceneDelegate.swift in Sources */,
			);
			runOnlyForDeploymentPostprocessing = 0;
		};
/* End PBXSourcesBuildPhase section */

/* Begin PBXVariantGroup section */
		CDD7D2A22A20C3FD005D71C4 /* Main.storyboard */ = {
			isa = PBXVariantGroup;
			children = (
				CDD7D2A32A20C3FD005D71C4 /* Base */,
			);
			name = Main.storyboard;
			sourceTree = "<group>";
		};
		CDD7D2A72A20C3FF005D71C4 /* LaunchScreen.storyboard */ = {
			isa = PBXVariantGroup;
			children = (
				CDD7D2A82A20C3FF005D71C4 /* Base */,
			);
			name = LaunchScreen.storyboard;
			sourceTree = "<group>";
		};
/* End PBXVariantGroup section */

/* Begin XCBuildConfiguration section */
		CDD7D2AB2A20C3FF005D71C4 /* Debug */ = {
			isa = XCBuildConfiguration;
			buildSettings = {
				ALWAYS_SEARCH_USER_PATHS = NO;
				CLANG_ANALYZER_NONNULL = YES;
				CLANG_ANALYZER_NUMBER_OBJECT_CONVERSION = YES_AGGRESSIVE;
				CLANG_CXX_LANGUAGE_STANDARD = "gnu++17";
				CLANG_ENABLE_MODULES = YES;
				CLANG_ENABLE_OBJC_ARC = YES;
				CLANG_ENABLE_OBJC_WEAK = YES;
				CLANG_WARN_BLOCK_CAPTURE_AUTORELEASING = YES;
				CLANG_WARN_BOOL_CONVERSION = YES;
				CLANG_WARN_COMMA = YES;
				CLANG_WARN_CONSTANT_CONVERSION = YES;
				CLANG_WARN_DEPRECATED_OBJC_IMPLEMENTATIONS = YES;
				CLANG_WARN_DIRECT_OBJC_ISA_USAGE = YES_ERROR;
				CLANG_WARN_DOCUMENTATION_COMMENTS = YES;
				CLANG_WARN_EMPTY_BODY = YES;
				CLANG_WARN_ENUM_CONVERSION = YES;
				CLANG_WARN_INFINITE_RECURSION = YES;
				CLANG_WARN_INT_CONVERSION = YES;
				CLANG_WARN_NON_LITERAL_NULL_CONVERSION = YES;
				CLANG_WARN_OBJC_IMPLICIT_RETAIN_SELF = YES;
				CLANG_WARN_OBJC_LITERAL_CONVERSION = YES;
				CLANG_WARN_OBJC_ROOT_CLASS = YES_ERROR;
				CLANG_WARN_QUOTED_INCLUDE_IN_FRAMEWORK_HEADER = YES;
				CLANG_WARN_RANGE_LOOP_ANALYSIS = YES;
				CLANG_WARN_STRICT_PROTOTYPES = YES;
				CLANG_WARN_SUSPICIOUS_MOVE = YES;
				CLANG_WARN_UNGUARDED_AVAILABILITY = YES_AGGRESSIVE;
				CLANG_WARN_UNREACHABLE_CODE = YES;
				CLANG_WARN__DUPLICATE_METHOD_MATCH = YES;
				COPY_PHASE_STRIP = NO;
				DEBUG_INFORMATION_FORMAT = dwarf;
				ENABLE_STRICT_OBJC_MSGSEND = YES;
				ENABLE_TESTABILITY = YES;
				GCC_C_LANGUAGE_STANDARD = gnu11;
				GCC_DYNAMIC_NO_PIC = NO;
				GCC_NO_COMMON_BLOCKS = YES;
				GCC_OPTIMIZATION_LEVEL = 0;
				GCC_PREPROCESSOR_DEFINITIONS = (
					"DEBUG=1",
					"$(inherited)",
				);
				GCC_WARN_64_TO_32_BIT_CONVERSION = YES;
				GCC_WARN_ABOUT_RETURN_TYPE = YES_ERROR;
				GCC_WARN_UNDECLARED_SELECTOR = YES;
				GCC_WARN_UNINITIALIZED_AUTOS = YES_AGGRESSIVE;
				GCC_WARN_UNUSED_FUNCTION = YES;
				GCC_WARN_UNUSED_VARIABLE = YES;
				IPHONEOS_DEPLOYMENT_TARGET = 15.5;
				MTL_ENABLE_DEBUG_INFO = INCLUDE_SOURCE;
				MTL_FAST_MATH = YES;
				ONLY_ACTIVE_ARCH = YES;
				SDKROOT = iphoneos;
				SWIFT_ACTIVE_COMPILATION_CONDITIONS = DEBUG;
				SWIFT_OPTIMIZATION_LEVEL = "-Onone";
			};
			name = Debug;
		};
		CDD7D2AC2A20C3FF005D71C4 /* Release */ = {
			isa = XCBuildConfiguration;
			buildSettings = {
				ALWAYS_SEARCH_USER_PATHS = NO;
				CLANG_ANALYZER_NONNULL = YES;
				CLANG_ANALYZER_NUMBER_OBJECT_CONVERSION = YES_AGGRESSIVE;
				CLANG_CXX_LANGUAGE_STANDARD = "gnu++17";
				CLANG_ENABLE_MODULES = YES;
				CLANG_ENABLE_OBJC_ARC = YES;
				CLANG_ENABLE_OBJC_WEAK = YES;
				CLANG_WARN_BLOCK_CAPTURE_AUTORELEASING = YES;
				CLANG_WARN_BOOL_CONVERSION = YES;
				CLANG_WARN_COMMA = YES;
				CLANG_WARN_CONSTANT_CONVERSION = YES;
				CLANG_WARN_DEPRECATED_OBJC_IMPLEMENTATIONS = YES;
				CLANG_WARN_DIRECT_OBJC_ISA_USAGE = YES_ERROR;
				CLANG_WARN_DOCUMENTATION_COMMENTS = YES;
				CLANG_WARN_EMPTY_BODY = YES;
				CLANG_WARN_ENUM_CONVERSION = YES;
				CLANG_WARN_INFINITE_RECURSION = YES;
				CLANG_WARN_INT_CONVERSION = YES;
				CLANG_WARN_NON_LITERAL_NULL_CONVERSION = YES;
				CLANG_WARN_OBJC_IMPLICIT_RETAIN_SELF = YES;
				CLANG_WARN_OBJC_LITERAL_CONVERSION = YES;
				CLANG_WARN_OBJC_ROOT_CLASS = YES_ERROR;
				CLANG_WARN_QUOTED_INCLUDE_IN_FRAMEWORK_HEADER = YES;
				CLANG_WARN_RANGE_LOOP_ANALYSIS = YES;
				CLANG_WARN_STRICT_PROTOTYPES = YES;
				CLANG_WARN_SUSPICIOUS_MOVE = YES;
				CLANG_WARN_UNGUARDED_AVAILABILITY = YES_AGGRESSIVE;
				CLANG_WARN_UNREACHABLE_CODE = YES;
				CLANG_WARN__DUPLICATE_METHOD_MATCH = YES;
				COPY_PHASE_STRIP = NO;
				DEBUG_INFORMATION_FORMAT = "dwarf-with-dsym";
				ENABLE_NS_ASSERTIONS = NO;
				ENABLE_STRICT_OBJC_MSGSEND = YES;
				GCC_C_LANGUAGE_STANDARD = gnu11;
				GCC_NO_COMMON_BLOCKS = YES;
				GCC_WARN_64_TO_32_BIT_CONVERSION = YES;
				GCC_WARN_ABOUT_RETURN_TYPE = YES_ERROR;
				GCC_WARN_UNDECLARED_SELECTOR = YES;
				GCC_WARN_UNINITIALIZED_AUTOS = YES_AGGRESSIVE;
				GCC_WARN_UNUSED_FUNCTION = YES;
				GCC_WARN_UNUSED_VARIABLE = YES;
				IPHONEOS_DEPLOYMENT_TARGET = 15.5;
				MTL_ENABLE_DEBUG_INFO = NO;
				MTL_FAST_MATH = YES;
				SDKROOT = iphoneos;
				SWIFT_COMPILATION_MODE = wholemodule;
				SWIFT_OPTIMIZATION_LEVEL = "-O";
				VALIDATE_PRODUCT = YES;
			};
			name = Release;
		};
		CDD7D2AE2A20C3FF005D71C4 /* Debug */ = {
			isa = XCBuildConfiguration;
			buildSettings = {
				ASSETCATALOG_COMPILER_APPICON_NAME = AppIcon;
				ASSETCATALOG_COMPILER_GLOBAL_ACCENT_COLOR_NAME = AccentColor;
				CODE_SIGN_STYLE = Automatic;
				CURRENT_PROJECT_VERSION = 1;
				GENERATE_INFOPLIST_FILE = YES;
				INFOPLIST_FILE = CheckInternetConnectivity/Info.plist;
				INFOPLIST_KEY_UIApplicationSupportsIndirectInputEvents = YES;
				INFOPLIST_KEY_UILaunchStoryboardName = LaunchScreen;
				INFOPLIST_KEY_UIMainStoryboardFile = Main;
				INFOPLIST_KEY_UISupportedInterfaceOrientations_iPad = "UIInterfaceOrientationPortrait UIInterfaceOrientationPortraitUpsideDown UIInterfaceOrientationLandscapeLeft UIInterfaceOrientationLandscapeRight";
				INFOPLIST_KEY_UISupportedInterfaceOrientations_iPhone = "UIInterfaceOrientationPortrait UIInterfaceOrientationLandscapeLeft UIInterfaceOrientationLandscapeRight";
				IPHONEOS_DEPLOYMENT_TARGET = 15.0;
				LD_RUNPATH_SEARCH_PATHS = (
					"$(inherited)",
					"@executable_path/Frameworks",
				);
				MARKETING_VERSION = 1.0;
				PRODUCT_BUNDLE_IDENTIFIER = Test.CheckInternetConnectivity;
				PRODUCT_NAME = "$(TARGET_NAME)";
				SWIFT_EMIT_LOC_STRINGS = YES;
				SWIFT_VERSION = 5.0;
				TARGETED_DEVICE_FAMILY = "1,2";
			};
			name = Debug;
		};
		CDD7D2AF2A20C3FF005D71C4 /* Release */ = {
			isa = XCBuildConfiguration;
			buildSettings = {
				ASSETCATALOG_COMPILER_APPICON_NAME = AppIcon;
				ASSETCATALOG_COMPILER_GLOBAL_ACCENT_COLOR_NAME = AccentColor;
				CODE_SIGN_STYLE = Automatic;
				CURRENT_PROJECT_VERSION = 1;
				GENERATE_INFOPLIST_FILE = YES;
				INFOPLIST_FILE = CheckInternetConnectivity/Info.plist;
				INFOPLIST_KEY_UIApplicationSupportsIndirectInputEvents = YES;
				INFOPLIST_KEY_UILaunchStoryboardName = LaunchScreen;
				INFOPLIST_KEY_UIMainStoryboardFile = Main;
				INFOPLIST_KEY_UISupportedInterfaceOrientations_iPad = "UIInterfaceOrientationPortrait UIInterfaceOrientationPortraitUpsideDown UIInterfaceOrientationLandscapeLeft UIInterfaceOrientationLandscapeRight";
				INFOPLIST_KEY_UISupportedInterfaceOrientations_iPhone = "UIInterfaceOrientationPortrait UIInterfaceOrientationLandscapeLeft UIInterfaceOrientationLandscapeRight";
				IPHONEOS_DEPLOYMENT_TARGET = 15.0;
				LD_RUNPATH_SEARCH_PATHS = (
					"$(inherited)",
					"@executable_path/Frameworks",
				);
				MARKETING_VERSION = 1.0;
				PRODUCT_BUNDLE_IDENTIFIER = Test.CheckInternetConnectivity;
				PRODUCT_NAME = "$(TARGET_NAME)";
				SWIFT_EMIT_LOC_STRINGS = YES;
				SWIFT_VERSION = 5.0;
				TARGETED_DEVICE_FAMILY = "1,2";
			};
			name = Release;
		};
/* End XCBuildConfiguration section */

/* Begin XCConfigurationList section */
		CDD7D2942A20C3FD005D71C4 /* Build configuration list for PBXProject "CheckInternetConnectivity" */ = {
			isa = XCConfigurationList;
			buildConfigurations = (
				CDD7D2AB2A20C3FF005D71C4 /* Debug */,
				CDD7D2AC2A20C3FF005D71C4 /* Release */,
			);
			defaultConfigurationIsVisible = 0;
			defaultConfigurationName = Release;
		};
		CDD7D2AD2A20C3FF005D71C4 /* Build configuration list for PBXNativeTarget "CheckInternetConnectivity" */ = {
			isa = XCConfigurationList;
			buildConfigurations = (
				CDD7D2AE2A20C3FF005D71C4 /* Debug */,
				CDD7D2AF2A20C3FF005D71C4 /* Release */,
			);
			defaultConfigurationIsVisible = 0;
			defaultConfigurationName = Release;
		};
/* End XCConfigurationList section */
	};
	rootObject = CDD7D2912A20C3FD005D71C4 /* Project object */;
}
